{
  "lockfileVersion": 1,
  "configVersion": 1,
  "workspaces": {
    "": {
      "name": "nightride-artwork",
      "dependencies": {
        "opentype.js": "^2.0.0",
      },
    },
  },
  "packages": {
    "opentype.js": ["opentype.js@2.0.0", "", { "bin": { "ot": "bin/ot" } }, "sha512-kCyjv6xdDY1W/jLWZ/L3QhhTlKUqDZMQ5+Jdlw12b3dXkKNpYBqqlMMj0YDQPShWFTMwgZI1hG14kN3XUDSg/A=="],
  }
}
